
Microsoft Visual Studio Solution File, Format Version 12.00
# Visual Studio 15
VisualStudioVersion = 15.0.28010.2050
MinimumVisualStudioVersion = 10.0.40219.1
Project("{8BC9CEB8-8B4A-11D0-8D11-00A0C91BC942}") = "Dijkstra", "Dijkstra\Dijkstra.vcxproj", "{5712C0DF-5040-49BC-909E-ABFC17B76715}"
EndProject
Global
	GlobalSection(SolutionConfigurationPlatforms) = preSolution
		Debug|x64 = Debug|x64
		Debug|x86 = Debug|x86
		Release|x64 = Release|x64
		Release|x86 = Release|x86
	EndGlobalSection
	GlobalSection(ProjectConfigurationPlatforms) = postSolution
		{5712C0DF-5040-49BC-909E-ABFC17B76715}.Debug|x64.ActiveCfg = Debug|x64
		{5712C0DF-5040-49BC-909E-ABFC17B76715}.Debug|x64.Build.0 = Debug|x64
		{5712C0DF-5040-49BC-909E-ABFC17B76715}.Debug|x86.ActiveCfg = Debug|Win32
		{5712C0DF-5040-49BC-909E-ABFC17B76715}.Debug|x86.Build.0 = Debug|Win32
		{5712C0DF-5040-49BC-909E-ABFC17B76715}.Release|x64.ActiveCfg = Release|x64
		{5712C0DF-5040-49BC-909E-ABFC17B76715}.Release|x64.Build.0 = Release|x64
		{5712C0DF-5040-49BC-909E-ABFC17B76715}.Release|x86.ActiveCfg = Release|Win32
		{5712C0DF-5040-49BC-909E-ABFC17B76715}.Release|x86.Build.0 = Release|Win32
	EndGlobalSection
	GlobalSection(SolutionProperties) = preSolution
		HideSolutionNode = FALSE
	EndGlobalSection
	GlobalSection(ExtensibilityGlobals) = postSolution
		SolutionGuid = {B9EA554A-E08F-4A58-88CB-023178D54CF2}
	EndGlobalSection
EndGlobal
